
Microsoft Visual Studio Solution File, Format Version 12.00
# Visual Studio 15
VisualStudioVersion = 15.0.28010.2048
MinimumVisualStudioVersion = 10.0.40219.1
Project("{9A19103F-16F7-4668-BE54-9A1E7A4F7556}") = "identity", "identity\identity.csproj", "{DD784EC4-B9F1-41A6-998E-DD656F81DFF9}"
EndProject
Project("{2150E333-8FDC-42A3-9474-1A3956D46DE8}") = "Solution Items", "Solution Items", "{74965B23-637D-4DAE-A8B1-5FD819E00B85}"
	ProjectSection(SolutionItems) = preProject
		README.md = README.md
	EndProjectSection
EndProject
Global
	GlobalSection(SolutionConfigurationPlatforms) = preSolution
		Debug|Any CPU = Debug|Any CPU
		Release|Any CPU = Release|Any CPU
	EndGlobalSection
	GlobalSection(ProjectConfigurationPlatforms) = postSolution
		{DD784EC4-B9F1-41A6-998E-DD656F81DFF9}.Debug|Any CPU.ActiveCfg = Debug|Any CPU
		{DD784EC4-B9F1-41A6-998E-DD656F81DFF9}.Debug|Any CPU.Build.0 = Debug|Any CPU
		{DD784EC4-B9F1-41A6-998E-DD656F81DFF9}.Release|Any CPU.ActiveCfg = Release|Any CPU
		{DD784EC4-B9F1-41A6-998E-DD656F81DFF9}.Release|Any CPU.Build.0 = Release|Any CPU
	EndGlobalSection
	GlobalSection(SolutionProperties) = preSolution
		HideSolutionNode = FALSE
	EndGlobalSection
	GlobalSection(ExtensibilityGlobals) = postSolution
		SolutionGuid = {F18E4B6D-8BED-4549-B70E-6F1A42E9A2FD}
	EndGlobalSection
EndGlobal
